{
  "requires": true,
  "lockfileVersion": 1,
  "dependencies": {
    "@vssue/api-github-v3": {
      "version": "1.1.2",
      "resolved": "https://registry.npmjs.org/@vssue/api-github-v3/-/api-github-v3-1.1.2.tgz",
      "integrity": "sha512-OVFs7YMIGNDn7nLlWnYOJPKrtsAmtOZEzB4/peME4xlb9zEvW+Mk5yOtRzM2mwtIu6tRH1EvxeKv7BYhQi1b9g==",
      "requires": {
        "@vssue/utils": "^1.1.1",
        "axios": "^0.18.1"
      }
    },
    "@vssue/utils": {
      "version": "1.1.1",
      "resolved": "https://registry.npmjs.org/@vssue/utils/-/utils-1.1.1.tgz",
      "integrity": "sha512-M8BGS0NpOkVeYFvisgK/TxdE/B52MSjoIJT04ePa8LS+FgvWLsr/Oqr/FoDAuftUEIK/ojUgOsykmeR+SUoYFg==",
      "requires": {
        "date-fns": "^1.29.0",
        "qs": "^6.6.0"
      }
    },
    "@vssue/vuepress-plugin-vssue": {
      "version": "1.2.0",
      "resolved": "https://registry.npmjs.org/@vssue/vuepress-plugin-vssue/-/vuepress-plugin-vssue-1.2.0.tgz",
      "integrity": "sha512-zSp4On6nnGUm5b6VMZFr3ZED3dRBUrDuijyvMujDdtcz9HPnuwLeY7BiQ83hG7qjfia8cUVMLIN4I4BTREkbJA==",
      "requires": {
        "vssue": "^1.2.0"
      }
    },
    "axios": {
      "version": "0.18.1",
      "resolved": "https://registry.npmjs.org/axios/-/axios-0.18.1.tgz",
      "integrity": "sha512-0BfJq4NSfQXd+SkFdrvFbG7addhYSBA2mQwISr46pD6E5iqkWg02RAs8vyTT/j0RTnoYmeXauBuSv1qKwR179g==",
      "requires": {
        "follow-redirects": "1.5.10",
        "is-buffer": "^2.0.2"
      }
    },
    "date-fns": {
      "version": "1.30.1",
      "resolved": "https://registry.npmjs.org/date-fns/-/date-fns-1.30.1.tgz",
      "integrity": "sha512-hBSVCvSmWC+QypYObzwGOd9wqdDpOt+0wl0KbU+R+uuZBS1jN8VsD1ss3irQDknRj5NvxiTF6oj/nDRnN/UQNw=="
    },
    "debug": {
      "version": "3.1.0",
      "resolved": "https://registry.npmjs.org/debug/-/debug-3.1.0.tgz",
      "integrity": "sha512-OX8XqP7/1a9cqkxYw2yXss15f26NKWBpDXQd0/uK/KPqdQhxbPa994hnzjcE2VqQpDslf55723cKPUOGSmMY3g==",
      "requires": {
        "ms": "2.0.0"
      }
    },
    "follow-redirects": {
      "version": "1.5.10",
      "resolved": "https://registry.npmjs.org/follow-redirects/-/follow-redirects-1.5.10.tgz",
      "integrity": "sha512-0V5l4Cizzvqt5D44aTXbFZz+FtyXV1vrDN6qrelxtfYQKW0KO0W2T/hkE8xvGa/540LkZlkaUjO4ailYTFtHVQ==",
      "requires": {
        "debug": "=3.1.0"
      }
    },
    "github-markdown-css": {
      "version": "3.0.1",
      "resolved": "https://registry.npmjs.org/github-markdown-css/-/github-markdown-css-3.0.1.tgz",
      "integrity": "sha512-9G5CIPsHoyk5ObDsb/H4KTi23J8KE1oDd4KYU51qwqeM+lKWAiO7abpSgCkyWswgmSKBiuE7/4f8xUz7f2qAiQ=="
    },
    "is-buffer": {
      "version": "2.0.4",
      "resolved": "https://registry.npmjs.org/is-buffer/-/is-buffer-2.0.4.tgz",
      "integrity": "sha512-Kq1rokWXOPXWuaMAqZiJW4XxsmD9zGx9q4aePabbn3qCRGedtH7Cm+zV8WETitMfu1wdh+Rvd6w5egwSngUX2A=="
    },
    "ms": {
      "version": "2.0.0",
      "resolved": "https://registry.npmjs.org/ms/-/ms-2.0.0.tgz",
      "integrity": "sha1-VgiurfwAvmwpAd9fmGF4jeDVl8g="
    },
    "qs": {
      "version": "6.9.0",
      "resolved": "https://registry.npmjs.org/qs/-/qs-6.9.0.tgz",
      "integrity": "sha512-27RP4UotQORTpmNQDX8BHPukOnBP3p1uUJY5UnDhaJB+rMt9iMsok724XL+UHU23bEFOHRMQ2ZhI99qOWUMGFA=="
    },
    "vssue": {
      "version": "1.2.0",
      "resolved": "https://registry.npmjs.org/vssue/-/vssue-1.2.0.tgz",
      "integrity": "sha512-WXURP3V+nJDKm+sN3cZk/OI4Ayq/lQ6SST7yI5kZ66RLImk4km1WyrlFpeTeaJNQtDx6cFTpcU1wHlbNo59IKA==",
      "requires": {
        "@vssue/utils": "^1.1.1",
        "github-markdown-css": "^3.0.1",
        "vue": "^2.6.10",
        "vue-i18n": "^8.11.2",
        "vue-property-decorator": "^8.1.1"
      }
    },
    "vue": {
      "version": "2.6.10",
      "resolved": "https://registry.npmjs.org/vue/-/vue-2.6.10.tgz",
      "integrity": "sha512-ImThpeNU9HbdZL3utgMCq0oiMzAkt1mcgy3/E6zWC/G6AaQoeuFdsl9nDhTDU3X1R6FK7nsIUuRACVcjI+A2GQ=="
    },
    "vue-class-component": {
      "version": "7.1.0",
      "resolved": "https://registry.npmjs.org/vue-class-component/-/vue-class-component-7.1.0.tgz",
      "integrity": "sha512-G9152NzUkz0i0xTfhk0Afc8vzdXxDR1pfN4dTwE72cskkgJtdXfrKBkMfGvDuxUh35U500g5Ve4xL8PEGdWeHg=="
    },
    "vue-i18n": {
      "version": "8.15.0",
      "resolved": "https://registry.npmjs.org/vue-i18n/-/vue-i18n-8.15.0.tgz",
      "integrity": "sha512-juJ/avAP39bOMycC+qQDLJ8U9z9LtLF/9PsRoJLBSfsYZo9bqYntyyX5QPicwlb1emJKjgxhZ3YofHiQcXBu0Q=="
    },
    "vue-property-decorator": {
      "version": "8.3.0",
      "resolved": "https://registry.npmjs.org/vue-property-decorator/-/vue-property-decorator-8.3.0.tgz",
      "integrity": "sha512-77YtTbZHd5CNiPzbqv51kEgL48yvD2dUDfF28vEyw3MbQ9bBAb/tDyFzskcqjNRbWyXk1vq4oM2CK/LfhxuIBg==",
      "requires": {
        "vue-class-component": "^7.1.0"
      }
    }
  }
}
